Microsoft Visual Studio Solution File, Format Version 12.00
# Visual Studio Version 17
VisualStudioVersion = 17.5.2.0
MinimumVisualStudioVersion = 10.0.40219.1
Project("{FAE04EC0-301F-11D3-BF4B-00C04F79EFBC}") = "mobile-program", "mobile-program.csproj", "{806A8AE6-3FDF-079F-1AEE-B3EEAF566BF4}"
EndProject
Global
	GlobalSection(SolutionConfigurationPlatforms) = preSolution
		Debug|Any CPU = Debug|Any CPU
		Release|Any CPU = Release|Any CPU
	EndGlobalSection
	GlobalSection(ProjectConfigurationPlatforms) = postSolution
		{806A8AE6-3FDF-079F-1AEE-B3EEAF566BF4}.Debug|Any CPU.ActiveCfg = Debug|Any CPU
		{806A8AE6-3FDF-079F-1AEE-B3EEAF566BF4}.Debug|Any CPU.Build.0 = Debug|Any CPU
		{806A8AE6-3FDF-079F-1AEE-B3EEAF566BF4}.Release|Any CPU.ActiveCfg = Release|Any CPU
		{806A8AE6-3FDF-079F-1AEE-B3EEAF566BF4}.Release|Any CPU.Build.0 = Release|Any CPU
	EndGlobalSection
	GlobalSection(SolutionProperties) = preSolution
		HideSolutionNode = FALSE
	EndGlobalSection
	GlobalSection(ExtensibilityGlobals) = postSolution
		SolutionGuid = {C1BB95E6-0B4F-4330-AEF9-108CDE84E015}
	EndGlobalSection
EndGlobal
