Microsoft Visual Studio Solution File, Format Version 12.00
# Visual Studio Version 17
VisualStudioVersion = 17.5.2.0
MinimumVisualStudioVersion = 10.0.40219.1
Project("{FAE04EC0-301F-11D3-BF4B-00C04F79EFBC}") = "repetition", "repetition.csproj", "{006793C4-5B34-0D7D-EDCE-081BA9B5D37E}"
EndProject
Global
	GlobalSection(SolutionConfigurationPlatforms) = preSolution
		Debug|Any CPU = Debug|Any CPU
		Release|Any CPU = Release|Any CPU
	EndGlobalSection
	GlobalSection(ProjectConfigurationPlatforms) = postSolution
		{006793C4-5B34-0D7D-EDCE-081BA9B5D37E}.Debug|Any CPU.ActiveCfg = Debug|Any CPU
		{006793C4-5B34-0D7D-EDCE-081BA9B5D37E}.Debug|Any CPU.Build.0 = Debug|Any CPU
		{006793C4-5B34-0D7D-EDCE-081BA9B5D37E}.Release|Any CPU.ActiveCfg = Release|Any CPU
		{006793C4-5B34-0D7D-EDCE-081BA9B5D37E}.Release|Any CPU.Build.0 = Release|Any CPU
	EndGlobalSection
	GlobalSection(SolutionProperties) = preSolution
		HideSolutionNode = FALSE
	EndGlobalSection
	GlobalSection(ExtensibilityGlobals) = postSolution
		SolutionGuid = {7089A456-0B04-4276-A6BE-7752C2660C6B}
	EndGlobalSection
EndGlobal
