Microsoft Visual Studio Solution File, Format Version 12.00
# Visual Studio Version 17
VisualStudioVersion = 17.5.2.0
MinimumVisualStudioVersion = 10.0.40219.1
Project("{FAE04EC0-301F-11D3-BF4B-00C04F79EFBC}") = "exploreEventLoops", "exploreEventLoops.csproj", "{32F62B96-94D4-07FA-0AF7-51A98B4BA4DF}"
EndProject
Global
	GlobalSection(SolutionConfigurationPlatforms) = preSolution
		Debug|Any CPU = Debug|Any CPU
		Release|Any CPU = Release|Any CPU
	EndGlobalSection
	GlobalSection(ProjectConfigurationPlatforms) = postSolution
		{32F62B96-94D4-07FA-0AF7-51A98B4BA4DF}.Debug|Any CPU.ActiveCfg = Debug|Any CPU
		{32F62B96-94D4-07FA-0AF7-51A98B4BA4DF}.Debug|Any CPU.Build.0 = Debug|Any CPU
		{32F62B96-94D4-07FA-0AF7-51A98B4BA4DF}.Release|Any CPU.ActiveCfg = Release|Any CPU
		{32F62B96-94D4-07FA-0AF7-51A98B4BA4DF}.Release|Any CPU.Build.0 = Release|Any CPU
	EndGlobalSection
	GlobalSection(SolutionProperties) = preSolution
		HideSolutionNode = FALSE
	EndGlobalSection
	GlobalSection(ExtensibilityGlobals) = postSolution
		SolutionGuid = {407E3FC5-09C9-40FC-92E9-850A64682D77}
	EndGlobalSection
EndGlobal
