Microsoft Visual Studio Solution File, Format Version 12.00
# Visual Studio Version 17
VisualStudioVersion = 17.5.2.0
MinimumVisualStudioVersion = 10.0.40219.1
Project("{FAE04EC0-301F-11D3-BF4B-00C04F79EFBC}") = "menu-and-input-validation", "menu-and-input-validation.csproj", "{4BC51F48-1CA3-0B8E-759B-809BD72E04ED}"
EndProject
Global
	GlobalSection(SolutionConfigurationPlatforms) = preSolution
		Debug|Any CPU = Debug|Any CPU
		Release|Any CPU = Release|Any CPU
	EndGlobalSection
	GlobalSection(ProjectConfigurationPlatforms) = postSolution
		{4BC51F48-1CA3-0B8E-759B-809BD72E04ED}.Debug|Any CPU.ActiveCfg = Debug|Any CPU
		{4BC51F48-1CA3-0B8E-759B-809BD72E04ED}.Debug|Any CPU.Build.0 = Debug|Any CPU
		{4BC51F48-1CA3-0B8E-759B-809BD72E04ED}.Release|Any CPU.ActiveCfg = Release|Any CPU
		{4BC51F48-1CA3-0B8E-759B-809BD72E04ED}.Release|Any CPU.Build.0 = Release|Any CPU
	EndGlobalSection
	GlobalSection(SolutionProperties) = preSolution
		HideSolutionNode = FALSE
	EndGlobalSection
	GlobalSection(ExtensibilityGlobals) = postSolution
		SolutionGuid = {92B23726-2EA7-48AA-A5C4-DF4D965BF2CB}
	EndGlobalSection
EndGlobal
