Microsoft Visual Studio Solution File, Format Version 12.00
# Visual Studio Version 17
VisualStudioVersion = 17.5.2.0
MinimumVisualStudioVersion = 10.0.40219.1
Project("{FAE04EC0-301F-11D3-BF4B-00C04F79EFBC}") = "switch-exercise", "switch-exercise.csproj", "{71BDB075-FC93-C3FC-FBBE-81887930DEFB}"
EndProject
Global
	GlobalSection(SolutionConfigurationPlatforms) = preSolution
		Debug|Any CPU = Debug|Any CPU
		Release|Any CPU = Release|Any CPU
	EndGlobalSection
	GlobalSection(ProjectConfigurationPlatforms) = postSolution
		{71BDB075-FC93-C3FC-FBBE-81887930DEFB}.Debug|Any CPU.ActiveCfg = Debug|Any CPU
		{71BDB075-FC93-C3FC-FBBE-81887930DEFB}.Debug|Any CPU.Build.0 = Debug|Any CPU
		{71BDB075-FC93-C3FC-FBBE-81887930DEFB}.Release|Any CPU.ActiveCfg = Release|Any CPU
		{71BDB075-FC93-C3FC-FBBE-81887930DEFB}.Release|Any CPU.Build.0 = Release|Any CPU
	EndGlobalSection
	GlobalSection(SolutionProperties) = preSolution
		HideSolutionNode = FALSE
	EndGlobalSection
	GlobalSection(ExtensibilityGlobals) = postSolution
		SolutionGuid = {739F60BB-9FA3-433F-8DCA-21F5314F2D80}
	EndGlobalSection
EndGlobal
