Microsoft Visual Studio Solution File, Format Version 12.00
# Visual Studio Version 17
VisualStudioVersion = 17.5.2.0
MinimumVisualStudioVersion = 10.0.40219.1
Project("{FAE04EC0-301F-11D3-BF4B-00C04F79EFBC}") = "greetingProgram", "greetingProgram.csproj", "{2D0BFA30-7DA2-29A2-012F-A8F4E5AF10BF}"
EndProject
Global
	GlobalSection(SolutionConfigurationPlatforms) = preSolution
		Debug|Any CPU = Debug|Any CPU
		Release|Any CPU = Release|Any CPU
	EndGlobalSection
	GlobalSection(ProjectConfigurationPlatforms) = postSolution
		{2D0BFA30-7DA2-29A2-012F-A8F4E5AF10BF}.Debug|Any CPU.ActiveCfg = Debug|Any CPU
		{2D0BFA30-7DA2-29A2-012F-A8F4E5AF10BF}.Debug|Any CPU.Build.0 = Debug|Any CPU
		{2D0BFA30-7DA2-29A2-012F-A8F4E5AF10BF}.Release|Any CPU.ActiveCfg = Release|Any CPU
		{2D0BFA30-7DA2-29A2-012F-A8F4E5AF10BF}.Release|Any CPU.Build.0 = Release|Any CPU
	EndGlobalSection
	GlobalSection(SolutionProperties) = preSolution
		HideSolutionNode = FALSE
	EndGlobalSection
	GlobalSection(ExtensibilityGlobals) = postSolution
		SolutionGuid = {9B512BD3-A77B-4B02-A03C-27C8A736CE75}
	EndGlobalSection
EndGlobal
