Microsoft Visual Studio Solution File, Format Version 12.00
# Visual Studio Version 17
VisualStudioVersion = 17.5.2.0
MinimumVisualStudioVersion = 10.0.40219.1
Project("{FAE04EC0-301F-11D3-BF4B-00C04F79EFBC}") = "polymorphysim-bug-find", "polymorphysim-bug-find.csproj", "{C8E5C588-09E4-BD9E-028C-708A275C93D1}"
EndProject
Global
	GlobalSection(SolutionConfigurationPlatforms) = preSolution
		Debug|Any CPU = Debug|Any CPU
		Release|Any CPU = Release|Any CPU
	EndGlobalSection
	GlobalSection(ProjectConfigurationPlatforms) = postSolution
		{C8E5C588-09E4-BD9E-028C-708A275C93D1}.Debug|Any CPU.ActiveCfg = Debug|Any CPU
		{C8E5C588-09E4-BD9E-028C-708A275C93D1}.Debug|Any CPU.Build.0 = Debug|Any CPU
		{C8E5C588-09E4-BD9E-028C-708A275C93D1}.Release|Any CPU.ActiveCfg = Release|Any CPU
		{C8E5C588-09E4-BD9E-028C-708A275C93D1}.Release|Any CPU.Build.0 = Release|Any CPU
	EndGlobalSection
	GlobalSection(SolutionProperties) = preSolution
		HideSolutionNode = FALSE
	EndGlobalSection
	GlobalSection(ExtensibilityGlobals) = postSolution
		SolutionGuid = {59483E8F-D6D2-4D70-BBC6-4ADF54014433}
	EndGlobalSection
EndGlobal
