Microsoft Visual Studio Solution File, Format Version 12.00
# Visual Studio Version 17
VisualStudioVersion = 17.5.2.0
MinimumVisualStudioVersion = 10.0.40219.1
Project("{FAE04EC0-301F-11D3-BF4B-00C04F79EFBC}") = "banking-system", "banking-system.csproj", "{AD7EDF41-507C-AC47-C254-61E0E359722C}"
EndProject
Global
	GlobalSection(SolutionConfigurationPlatforms) = preSolution
		Debug|Any CPU = Debug|Any CPU
		Release|Any CPU = Release|Any CPU
	EndGlobalSection
	GlobalSection(ProjectConfigurationPlatforms) = postSolution
		{AD7EDF41-507C-AC47-C254-61E0E359722C}.Debug|Any CPU.ActiveCfg = Debug|Any CPU
		{AD7EDF41-507C-AC47-C254-61E0E359722C}.Debug|Any CPU.Build.0 = Debug|Any CPU
		{AD7EDF41-507C-AC47-C254-61E0E359722C}.Release|Any CPU.ActiveCfg = Release|Any CPU
		{AD7EDF41-507C-AC47-C254-61E0E359722C}.Release|Any CPU.Build.0 = Release|Any CPU
	EndGlobalSection
	GlobalSection(SolutionProperties) = preSolution
		HideSolutionNode = FALSE
	EndGlobalSection
	GlobalSection(ExtensibilityGlobals) = postSolution
		SolutionGuid = {970A7551-5629-4F81-BA29-DF4A9C9803E1}
	EndGlobalSection
EndGlobal
