Microsoft Visual Studio Solution File, Format Version 12.00
# Visual Studio Version 17
VisualStudioVersion = 17.5.2.0
MinimumVisualStudioVersion = 10.0.40219.1
Project("{FAE04EC0-301F-11D3-BF4B-00C04F79EFBC}") = "week_1", "week_1.csproj", "{F8F32E97-3AD8-DD5C-4FC8-5520C5362618}"
EndProject
Global
	GlobalSection(SolutionConfigurationPlatforms) = preSolution
		Debug|Any CPU = Debug|Any CPU
		Release|Any CPU = Release|Any CPU
	EndGlobalSection
	GlobalSection(ProjectConfigurationPlatforms) = postSolution
		{F8F32E97-3AD8-DD5C-4FC8-5520C5362618}.Debug|Any CPU.ActiveCfg = Debug|Any CPU
		{F8F32E97-3AD8-DD5C-4FC8-5520C5362618}.Debug|Any CPU.Build.0 = Debug|Any CPU
		{F8F32E97-3AD8-DD5C-4FC8-5520C5362618}.Release|Any CPU.ActiveCfg = Release|Any CPU
		{F8F32E97-3AD8-DD5C-4FC8-5520C5362618}.Release|Any CPU.Build.0 = Release|Any CPU
	EndGlobalSection
	GlobalSection(SolutionProperties) = preSolution
		HideSolutionNode = FALSE
	EndGlobalSection
	GlobalSection(ExtensibilityGlobals) = postSolution
		SolutionGuid = {ABF85E79-7CF4-4E75-8C93-B910563E70F0}
	EndGlobalSection
EndGlobal
